// !$*UTF8*$!
{
	archiveVersion = 1;
	classes = {
	};
	objectVersion = 46;
	objects = {

/* Begin PBXBuildFile section */
		21CDA050D9882F91510919EF /* libPods-Cinnamon.a in Frameworks */ = {isa = PBXBuildFile; fileRef = FC7ABA3DDD64BD29F6E546F5 /* libPods-Cinnamon.a */; };
		B007561B1ABC5D8B00386B03 /* CSUserPhotoFeedViewController.swift in Sources */ = {isa = PBXBuildFile; fileRef = B007561A1ABC5D8B00386B03 /* CSUserPhotoFeedViewController.swift */; };
		B01260561AC326C500351D40 /* Crashlytics.framework in Frameworks */ = {isa = PBXBuildFile; fileRef = B01260541AC326C500351D40 /* Crashlytics.framework */; };
		B01260571AC326C500351D40 /* Fabric.framework in Frameworks */ = {isa = PBXBuildFile; fileRef = B01260551AC326C500351D40 /* Fabric.framework */; };
		B014ECBF1AC5B06900DBD1BD /* CSAPIRequest.swift in Sources */ = {isa = PBXBuildFile; fileRef = B014ECBE1AC5B06900DBD1BD /* CSAPIRequest.swift */; };
		B022479B1AE7738F0031DADC /* CSMealSizeSelector.swift in Sources */ = {isa = PBXBuildFile; fileRef = B022479A1AE7738F0031DADC /* CSMealSizeSelector.swift */; };
		B02BA6431ACE96DE00BC46F1 /* CSPhotoBrowserCell.swift in Sources */ = {isa = PBXBuildFile; fileRef = B02BA6421ACE96DE00BC46F1 /* CSPhotoBrowserCell.swift */; };
		B02BA6451ACECBF500BC46F1 /* CSPhoto.swift in Sources */ = {isa = PBXBuildFile; fileRef = B02BA6441ACECBF500BC46F1 /* CSPhoto.swift */; };
		B02F13A71AD7DE7800075E41 /* UILabel+CSTextLink.swift in Sources */ = {isa = PBXBuildFile; fileRef = B02F13A61AD7DE7800075E41 /* UILabel+CSTextLink.swift */; };
		B02F13AB1AD7EE6F00075E41 /* CSSocialFeedNavigationController.swift in Sources */ = {isa = PBXBuildFile; fileRef = B02F13AA1AD7EE6F00075E41 /* CSSocialFeedNavigationController.swift */; };
		B02F13AD1AD80C6000075E41 /* CSUser.swift in Sources */ = {isa = PBXBuildFile; fileRef = B02F13AC1AD80C6000075E41 /* CSUser.swift */; };
		B02F13AF1AD811A900075E41 /* CSFriendPhotoFeedViewController.swift in Sources */ = {isa = PBXBuildFile; fileRef = B02F13AE1AD811A900075E41 /* CSFriendPhotoFeedViewController.swift */; };
		B074349B1AC062960065403A /* CSTapSelector.swift in Sources */ = {isa = PBXBuildFile; fileRef = B074349A1AC062960065403A /* CSTapSelector.swift */; };
		B087ACD11AE6629E00BEBB15 /* UINavigationBar+CSMisterCinnamon.swift in Sources */ = {isa = PBXBuildFile; fileRef = B087ACD01AE6629E00BEBB15 /* UINavigationBar+CSMisterCinnamon.swift */; };
		B087ACD71AE67C5C00BEBB15 /* UIViewController+EmptyBackButton.m in Sources */ = {isa = PBXBuildFile; fileRef = B087ACD61AE67C5C00BEBB15 /* UIViewController+EmptyBackButton.m */; };
		B0A148E21ACD7EB80019E08F /* CSPhotoBrowser.swift in Sources */ = {isa = PBXBuildFile; fileRef = B0A148E11ACD7EB80019E08F /* CSPhotoBrowser.swift */; };
		B0A148E41ACD9BE00019E08F /* CSVerticalImageRowLayout.swift in Sources */ = {isa = PBXBuildFile; fileRef = B0A148E31ACD9BE00019E08F /* CSVerticalImageRowLayout.swift */; };
		B0A148E61ACD9C010019E08F /* CSGridImageTagLayout.swift in Sources */ = {isa = PBXBuildFile; fileRef = B0A148E51ACD9C010019E08F /* CSGridImageTagLayout.swift */; };
		B0A81B8C1AE91D580006F4B4 /* Constants.swift in Sources */ = {isa = PBXBuildFile; fileRef = B0A81B8B1AE91D570006F4B4 /* Constants.swift */; };
		B0AF55161AE7EDB900D41559 /* CSUserWeekPhotoFeedViewController.swift in Sources */ = {isa = PBXBuildFile; fileRef = B0AF55151AE7EDB900D41559 /* CSUserWeekPhotoFeedViewController.swift */; };
		B0CE45B71AE543BB0045C3BF /* (null) in Resources */ = {isa = PBXBuildFile; };
		B0CE45B81AE543BB0045C3BF /* (null) in Resources */ = {isa = PBXBuildFile; };
		B0DCEF371AE52C3C00068B79 /* CSRepeatablePhotoBrowserCell.swift in Sources */ = {isa = PBXBuildFile; fileRef = B0DCEF351AE52C3C00068B79 /* CSRepeatablePhotoBrowserCell.swift */; };
		B0DCEF381AE52C3C00068B79 /* CSRepeatablePhotoBrowserCell.xib in Resources */ = {isa = PBXBuildFile; fileRef = B0DCEF361AE52C3C00068B79 /* CSRepeatablePhotoBrowserCell.xib */; };
		B0DCEF3B1AE5342100068B79 /* CSMealRecordDetailView.swift in Sources */ = {isa = PBXBuildFile; fileRef = B0DCEF391AE5342100068B79 /* CSMealRecordDetailView.swift */; };
		B0DE33A51ACAEA29003E8626 /* CSSocialPhotoFeedViewController.swift in Sources */ = {isa = PBXBuildFile; fileRef = B0DE33A41ACAEA29003E8626 /* CSSocialPhotoFeedViewController.swift */; };
		B0DE33A71ACAEC2C003E8626 /* CSTabBarController.swift in Sources */ = {isa = PBXBuildFile; fileRef = B0DE33A61ACAEC2C003E8626 /* CSTabBarController.swift */; };
		B0E3B41C1AC4AF6E00347B91 /* CSAPIRequestDelegate.swift in Sources */ = {isa = PBXBuildFile; fileRef = B0E3B41B1AC4AF6E00347B91 /* CSAPIRequestDelegate.swift */; };
		B0E3B41E1AC4B71700347B91 /* CSBaseDelegate.swift in Sources */ = {isa = PBXBuildFile; fileRef = B0E3B41D1AC4B71700347B91 /* CSBaseDelegate.swift */; };
		B0ECE8CA1AC066FA001D00CE /* QuartzCore.framework in Frameworks */ = {isa = PBXBuildFile; fileRef = B0ECE8C91AC066FA001D00CE /* QuartzCore.framework */; };
		B0ECE8CC1AC081CF001D00CE /* CSCameraDelegate.swift in Sources */ = {isa = PBXBuildFile; fileRef = B0ECE8CB1AC081CF001D00CE /* CSCameraDelegate.swift */; };
		B0EDD69B1ABC2A170065644F /* AppDelegate.swift in Sources */ = {isa = PBXBuildFile; fileRef = B0EDD69A1ABC2A170065644F /* AppDelegate.swift */; };
		B0EDD69E1ABC2A170065644F /* CinnamonSpark.xcdatamodeld in Sources */ = {isa = PBXBuildFile; fileRef = B0EDD69C1ABC2A170065644F /* CinnamonSpark.xcdatamodeld */; };
		B0EDD6A01ABC2A170065644F /* CSCameraViewController.swift in Sources */ = {isa = PBXBuildFile; fileRef = B0EDD69F1ABC2A170065644F /* CSCameraViewController.swift */; };
		B0EDD6A51ABC2A170065644F /* Images.xcassets in Resources */ = {isa = PBXBuildFile; fileRef = B0EDD6A41ABC2A170065644F /* Images.xcassets */; };
		B0EDD6A81ABC2A170065644F /* LaunchScreen.xib in Resources */ = {isa = PBXBuildFile; fileRef = B0EDD6A61ABC2A170065644F /* LaunchScreen.xib */; };
		B0EDD6B41ABC2A170065644F /* CinnamonSparkTests.swift in Sources */ = {isa = PBXBuildFile; fileRef = B0EDD6B31ABC2A170065644F /* CinnamonSparkTests.swift */; };
/* End PBXBuildFile section */

/* Begin PBXContainerItemProxy section */
		B0EDD6AE1ABC2A170065644F /* PBXContainerItemProxy */ = {
			isa = PBXContainerItemProxy;
			containerPortal = B0EDD68D1ABC2A170065644F /* Project object */;
			proxyType = 1;
			remoteGlobalIDString = B0EDD6941ABC2A170065644F;
			remoteInfo = CinnamonSpark;
		};
/* End PBXContainerItemProxy section */

/* Begin PBXFileReference section */
		06F3B02634BCE54827C8EF09 /* Pods-CinnamonSpark.release.xcconfig */ = {isa = PBXFileReference; includeInIndex = 1; lastKnownFileType = text.xcconfig; name = "Pods-CinnamonSpark.release.xcconfig"; path = "Pods/Target Support Files/Pods-CinnamonSpark/Pods-CinnamonSpark.release.xcconfig"; sourceTree = "<group>"; };
		3F23AD0B248C3121EC388D81 /* Pods-CinnamonSpark.debug.xcconfig */ = {isa = PBXFileReference; includeInIndex = 1; lastKnownFileType = text.xcconfig; name = "Pods-CinnamonSpark.debug.xcconfig"; path = "Pods/Target Support Files/Pods-CinnamonSpark/Pods-CinnamonSpark.debug.xcconfig"; sourceTree = "<group>"; };
		3FE6295B67B21935006E5391 /* Pods-Cinnamon.release.xcconfig */ = {isa = PBXFileReference; includeInIndex = 1; lastKnownFileType = text.xcconfig; name = "Pods-Cinnamon.release.xcconfig"; path = "Pods/Target Support Files/Pods-Cinnamon/Pods-Cinnamon.release.xcconfig"; sourceTree = "<group>"; };
		664C352E3714CB5744E6C067 /* Pods-Cinnamon.debug.xcconfig */ = {isa = PBXFileReference; includeInIndex = 1; lastKnownFileType = text.xcconfig; name = "Pods-Cinnamon.debug.xcconfig"; path = "Pods/Target Support Files/Pods-Cinnamon/Pods-Cinnamon.debug.xcconfig"; sourceTree = "<group>"; };
		A51D2CAEBE17904D55F97869 /* libPods-CinnamonSpark.a */ = {isa = PBXFileReference; explicitFileType = archive.ar; includeInIndex = 0; path = "libPods-CinnamonSpark.a"; sourceTree = BUILT_PRODUCTS_DIR; };
		B007561A1ABC5D8B00386B03 /* CSUserPhotoFeedViewController.swift */ = {isa = PBXFileReference; fileEncoding = 4; lastKnownFileType = sourcecode.swift; path = CSUserPhotoFeedViewController.swift; sourceTree = "<group>"; };
		B01260541AC326C500351D40 /* Crashlytics.framework */ = {isa = PBXFileReference; lastKnownFileType = wrapper.framework; path = Crashlytics.framework; sourceTree = "<group>"; };
		B01260551AC326C500351D40 /* Fabric.framework */ = {isa = PBXFileReference; lastKnownFileType = wrapper.framework; path = Fabric.framework; sourceTree = "<group>"; };
		B014ECBE1AC5B06900DBD1BD /* CSAPIRequest.swift */ = {isa = PBXFileReference; fileEncoding = 4; lastKnownFileType = sourcecode.swift; path = CSAPIRequest.swift; sourceTree = "<group>"; };
		B022479A1AE7738F0031DADC /* CSMealSizeSelector.swift */ = {isa = PBXFileReference; fileEncoding = 4; lastKnownFileType = sourcecode.swift; path = CSMealSizeSelector.swift; sourceTree = "<group>"; };
		B02BA6421ACE96DE00BC46F1 /* CSPhotoBrowserCell.swift */ = {isa = PBXFileReference; fileEncoding = 4; lastKnownFileType = sourcecode.swift; path = CSPhotoBrowserCell.swift; sourceTree = "<group>"; };
		B02BA6441ACECBF500BC46F1 /* CSPhoto.swift */ = {isa = PBXFileReference; fileEncoding = 4; lastKnownFileType = sourcecode.swift; path = CSPhoto.swift; sourceTree = "<group>"; };
		B02F13A61AD7DE7800075E41 /* UILabel+CSTextLink.swift */ = {isa = PBXFileReference; fileEncoding = 4; lastKnownFileType = sourcecode.swift; path = "UILabel+CSTextLink.swift"; sourceTree = "<group>"; };
		B02F13AA1AD7EE6F00075E41 /* CSSocialFeedNavigationController.swift */ = {isa = PBXFileReference; fileEncoding = 4; lastKnownFileType = sourcecode.swift; path = CSSocialFeedNavigationController.swift; sourceTree = "<group>"; };
		B02F13AC1AD80C6000075E41 /* CSUser.swift */ = {isa = PBXFileReference; fileEncoding = 4; lastKnownFileType = sourcecode.swift; path = CSUser.swift; sourceTree = "<group>"; };
		B02F13AE1AD811A900075E41 /* CSFriendPhotoFeedViewController.swift */ = {isa = PBXFileReference; fileEncoding = 4; lastKnownFileType = sourcecode.swift; path = CSFriendPhotoFeedViewController.swift; sourceTree = "<group>"; };
		B074349A1AC062960065403A /* CSTapSelector.swift */ = {isa = PBXFileReference; fileEncoding = 4; lastKnownFileType = sourcecode.swift; path = CSTapSelector.swift; sourceTree = "<group>"; };
		B087ACD01AE6629E00BEBB15 /* UINavigationBar+CSMisterCinnamon.swift */ = {isa = PBXFileReference; fileEncoding = 4; lastKnownFileType = sourcecode.swift; path = "UINavigationBar+CSMisterCinnamon.swift"; sourceTree = "<group>"; };
		B087ACD61AE67C5C00BEBB15 /* UIViewController+EmptyBackButton.m */ = {isa = PBXFileReference; fileEncoding = 4; lastKnownFileType = sourcecode.c.objc; path = "UIViewController+EmptyBackButton.m"; sourceTree = "<group>"; };
		B0A148E11ACD7EB80019E08F /* CSPhotoBrowser.swift */ = {isa = PBXFileReference; fileEncoding = 4; lastKnownFileType = sourcecode.swift; path = CSPhotoBrowser.swift; sourceTree = "<group>"; };
		B0A148E31ACD9BE00019E08F /* CSVerticalImageRowLayout.swift */ = {isa = PBXFileReference; fileEncoding = 4; lastKnownFileType = sourcecode.swift; path = CSVerticalImageRowLayout.swift; sourceTree = "<group>"; };
		B0A148E51ACD9C010019E08F /* CSGridImageTagLayout.swift */ = {isa = PBXFileReference; fileEncoding = 4; lastKnownFileType = sourcecode.swift; path = CSGridImageTagLayout.swift; sourceTree = "<group>"; };
		B0A81B8B1AE91D570006F4B4 /* Constants.swift */ = {isa = PBXFileReference; fileEncoding = 4; lastKnownFileType = sourcecode.swift; path = Constants.swift; sourceTree = "<group>"; };
		B0AF55151AE7EDB900D41559 /* CSUserWeekPhotoFeedViewController.swift */ = {isa = PBXFileReference; fileEncoding = 4; lastKnownFileType = sourcecode.swift; path = CSUserWeekPhotoFeedViewController.swift; sourceTree = "<group>"; };
		B0AF66B11AC1754000E23657 /* TODO.md */ = {isa = PBXFileReference; fileEncoding = 4; lastKnownFileType = net.daringfireball.markdown; path = TODO.md; sourceTree = "<group>"; };
		B0DCEF351AE52C3C00068B79 /* CSRepeatablePhotoBrowserCell.swift */ = {isa = PBXFileReference; fileEncoding = 4; lastKnownFileType = sourcecode.swift; path = CSRepeatablePhotoBrowserCell.swift; sourceTree = "<group>"; };
		B0DCEF361AE52C3C00068B79 /* CSRepeatablePhotoBrowserCell.xib */ = {isa = PBXFileReference; fileEncoding = 4; lastKnownFileType = file.xib; path = CSRepeatablePhotoBrowserCell.xib; sourceTree = "<group>"; };
		B0DCEF391AE5342100068B79 /* CSMealRecordDetailView.swift */ = {isa = PBXFileReference; fileEncoding = 4; lastKnownFileType = sourcecode.swift; path = CSMealRecordDetailView.swift; sourceTree = "<group>"; };
		B0DE33A21ACAA7B5003E8626 /* CSPhotoFeedViewController.swift */ = {isa = PBXFileReference; fileEncoding = 4; lastKnownFileType = sourcecode.swift; path = CSPhotoFeedViewController.swift; sourceTree = "<group>"; };
		B0DE33A41ACAEA29003E8626 /* CSSocialPhotoFeedViewController.swift */ = {isa = PBXFileReference; fileEncoding = 4; lastKnownFileType = sourcecode.swift; path = CSSocialPhotoFeedViewController.swift; sourceTree = "<group>"; };
		B0DE33A61ACAEC2C003E8626 /* CSTabBarController.swift */ = {isa = PBXFileReference; fileEncoding = 4; lastKnownFileType = sourcecode.swift; path = CSTabBarController.swift; sourceTree = "<group>"; };
		B0E3B41B1AC4AF6E00347B91 /* CSAPIRequestDelegate.swift */ = {isa = PBXFileReference; fileEncoding = 4; lastKnownFileType = sourcecode.swift; path = CSAPIRequestDelegate.swift; sourceTree = "<group>"; };
		B0E3B41D1AC4B71700347B91 /* CSBaseDelegate.swift */ = {isa = PBXFileReference; fileEncoding = 4; lastKnownFileType = sourcecode.swift; path = CSBaseDelegate.swift; sourceTree = "<group>"; };
		B0ECE8C91AC066FA001D00CE /* QuartzCore.framework */ = {isa = PBXFileReference; lastKnownFileType = wrapper.framework; name = QuartzCore.framework; path = System/Library/Frameworks/QuartzCore.framework; sourceTree = SDKROOT; };
		B0ECE8CB1AC081CF001D00CE /* CSCameraDelegate.swift */ = {isa = PBXFileReference; fileEncoding = 4; lastKnownFileType = sourcecode.swift; path = CSCameraDelegate.swift; sourceTree = "<group>"; };
		B0EDD6951ABC2A170065644F /* Cinnamon.app */ = {isa = PBXFileReference; explicitFileType = wrapper.application; includeInIndex = 0; path = Cinnamon.app; sourceTree = BUILT_PRODUCTS_DIR; };
		B0EDD6991ABC2A170065644F /* Info.plist */ = {isa = PBXFileReference; lastKnownFileType = text.plist.xml; path = Info.plist; sourceTree = "<group>"; };
		B0EDD69A1ABC2A170065644F /* AppDelegate.swift */ = {isa = PBXFileReference; lastKnownFileType = sourcecode.swift; path = AppDelegate.swift; sourceTree = "<group>"; };
		B0EDD69D1ABC2A170065644F /* CinnamonSpark.xcdatamodel */ = {isa = PBXFileReference; lastKnownFileType = wrapper.xcdatamodel; path = CinnamonSpark.xcdatamodel; sourceTree = "<group>"; };
		B0EDD69F1ABC2A170065644F /* CSCameraViewController.swift */ = {isa = PBXFileReference; lastKnownFileType = sourcecode.swift; path = CSCameraViewController.swift; sourceTree = "<group>"; };
		B0EDD6A41ABC2A170065644F /* Images.xcassets */ = {isa = PBXFileReference; lastKnownFileType = folder.assetcatalog; path = Images.xcassets; sourceTree = "<group>"; };
		B0EDD6A71ABC2A170065644F /* Base */ = {isa = PBXFileReference; lastKnownFileType = file.xib; name = Base; path = Base.lproj/LaunchScreen.xib; sourceTree = "<group>"; };
		B0EDD6AD1ABC2A170065644F /* CinnamonTests.xctest */ = {isa = PBXFileReference; explicitFileType = wrapper.cfbundle; includeInIndex = 0; path = CinnamonTests.xctest; sourceTree = BUILT_PRODUCTS_DIR; };
		B0EDD6B21ABC2A170065644F /* Info.plist */ = {isa = PBXFileReference; lastKnownFileType = text.plist.xml; path = Info.plist; sourceTree = "<group>"; };
		B0EDD6B31ABC2A170065644F /* CinnamonSparkTests.swift */ = {isa = PBXFileReference; lastKnownFileType = sourcecode.swift; path = CinnamonSparkTests.swift; sourceTree = "<group>"; };
		B0EDD6BE1ABC31C90065644F /* CinnamonSpark-Bridging-Header.h */ = {isa = PBXFileReference; lastKnownFileType = sourcecode.c.h; path = "CinnamonSpark-Bridging-Header.h"; sourceTree = "<group>"; };
		FC7ABA3DDD64BD29F6E546F5 /* libPods-Cinnamon.a */ = {isa = PBXFileReference; explicitFileType = archive.ar; includeInIndex = 0; path = "libPods-Cinnamon.a"; sourceTree = BUILT_PRODUCTS_DIR; };
/* End PBXFileReference section */

/* Begin PBXFrameworksBuildPhase section */
		B0EDD6921ABC2A170065644F /* Frameworks */ = {
			isa = PBXFrameworksBuildPhase;
			buildActionMask = 2147483647;
			files = (
				B0ECE8CA1AC066FA001D00CE /* QuartzCore.framework in Frameworks */,
				B01260561AC326C500351D40 /* Crashlytics.framework in Frameworks */,
				B01260571AC326C500351D40 /* Fabric.framework in Frameworks */,
				21CDA050D9882F91510919EF /* libPods-Cinnamon.a in Frameworks */,
			);
			runOnlyForDeploymentPostprocessing = 0;
		};
		B0EDD6AA1ABC2A170065644F /* Frameworks */ = {
			isa = PBXFrameworksBuildPhase;
			buildActionMask = 2147483647;
			files = (
			);
			runOnlyForDeploymentPostprocessing = 0;
		};
/* End PBXFrameworksBuildPhase section */

/* Begin PBXGroup section */
		0F2C87824EBAAB41ED4B886D /* Pods */ = {
			isa = PBXGroup;
			children = (
				3F23AD0B248C3121EC388D81 /* Pods-CinnamonSpark.debug.xcconfig */,
				06F3B02634BCE54827C8EF09 /* Pods-CinnamonSpark.release.xcconfig */,
				664C352E3714CB5744E6C067 /* Pods-Cinnamon.debug.xcconfig */,
				3FE6295B67B21935006E5391 /* Pods-Cinnamon.release.xcconfig */,
			);
			name = Pods;
			sourceTree = "<group>";
		};
		100BA9D59D6F7765472FB032 /* Frameworks */ = {
			isa = PBXGroup;
			children = (
				B01260541AC326C500351D40 /* Crashlytics.framework */,
				B01260551AC326C500351D40 /* Fabric.framework */,
				B0ECE8C91AC066FA001D00CE /* QuartzCore.framework */,
				A51D2CAEBE17904D55F97869 /* libPods-CinnamonSpark.a */,
				FC7ABA3DDD64BD29F6E546F5 /* libPods-Cinnamon.a */,
			);
			name = Frameworks;
			sourceTree = "<group>";
		};
		B0AF66B31AC1763E00E23657 /* Controllers */ = {
			isa = PBXGroup;
			children = (
				B0EDD69F1ABC2A170065644F /* CSCameraViewController.swift */,
				B007561A1ABC5D8B00386B03 /* CSUserPhotoFeedViewController.swift */,
				B0AF55151AE7EDB900D41559 /* CSUserWeekPhotoFeedViewController.swift */,
				B0DE33A41ACAEA29003E8626 /* CSSocialPhotoFeedViewController.swift */,
				B02F13AE1AD811A900075E41 /* CSFriendPhotoFeedViewController.swift */,
				B0DE33A21ACAA7B5003E8626 /* CSPhotoFeedViewController.swift */,
				B0DE33A61ACAEC2C003E8626 /* CSTabBarController.swift */,
				B02F13AA1AD7EE6F00075E41 /* CSSocialFeedNavigationController.swift */,
				B0DCEF391AE5342100068B79 /* CSMealRecordDetailView.swift */,
			);
			name = Controllers;
			sourceTree = "<group>";
		};
		B0AF66B41AC1764300E23657 /* Components */ = {
			isa = PBXGroup;
			children = (
				B0A148E11ACD7EB80019E08F /* CSPhotoBrowser.swift */,
				B014ECBE1AC5B06900DBD1BD /* CSAPIRequest.swift */,
				B074349A1AC062960065403A /* CSTapSelector.swift */,
				B022479A1AE7738F0031DADC /* CSMealSizeSelector.swift */,
				B0A148E31ACD9BE00019E08F /* CSVerticalImageRowLayout.swift */,
				B0A148E51ACD9C010019E08F /* CSGridImageTagLayout.swift */,
				B02BA6421ACE96DE00BC46F1 /* CSPhotoBrowserCell.swift */,
				B02F13A61AD7DE7800075E41 /* UILabel+CSTextLink.swift */,
				B0DCEF351AE52C3C00068B79 /* CSRepeatablePhotoBrowserCell.swift */,
				B0DCEF361AE52C3C00068B79 /* CSRepeatablePhotoBrowserCell.xib */,
			);
			name = Components;
			sourceTree = "<group>";
		};
		B0AF66B51AC1766300E23657 /* Delegates */ = {
			isa = PBXGroup;
			children = (
				B0ECE8CB1AC081CF001D00CE /* CSCameraDelegate.swift */,
				B0E3B41B1AC4AF6E00347B91 /* CSAPIRequestDelegate.swift */,
				B0E3B41D1AC4B71700347B91 /* CSBaseDelegate.swift */,
			);
			name = Delegates;
			sourceTree = "<group>";
		};
		B0E3B41A1AC451E500347B91 /* Models */ = {
			isa = PBXGroup;
			children = (
				B02BA6441ACECBF500BC46F1 /* CSPhoto.swift */,
				B02F13AC1AD80C6000075E41 /* CSUser.swift */,
			);
			name = Models;
			sourceTree = "<group>";
		};
		B0EDD68C1ABC2A170065644F = {
			isa = PBXGroup;
			children = (
				B0EDD6971ABC2A170065644F /* CinnamonSpark */,
				B0EDD6B01ABC2A170065644F /* CinnamonSparkTests */,
				B0EDD6961ABC2A170065644F /* Products */,
				0F2C87824EBAAB41ED4B886D /* Pods */,
				100BA9D59D6F7765472FB032 /* Frameworks */,
				B0EDD6BE1ABC31C90065644F /* CinnamonSpark-Bridging-Header.h */,
			);
			sourceTree = "<group>";
		};
		B0EDD6961ABC2A170065644F /* Products */ = {
			isa = PBXGroup;
			children = (
				B0EDD6951ABC2A170065644F /* Cinnamon.app */,
				B0EDD6AD1ABC2A170065644F /* CinnamonTests.xctest */,
			);
			name = Products;
			sourceTree = "<group>";
		};
		B0EDD6971ABC2A170065644F /* CinnamonSpark */ = {
			isa = PBXGroup;
			children = (
				B0E3B41A1AC451E500347B91 /* Models */,
				B0AF66B51AC1766300E23657 /* Delegates */,
				B0AF66B41AC1764300E23657 /* Components */,
				B0AF66B31AC1763E00E23657 /* Controllers */,
				B0EDD69A1ABC2A170065644F /* AppDelegate.swift */,
				B0EDD6A41ABC2A170065644F /* Images.xcassets */,
				B0EDD6A61ABC2A170065644F /* LaunchScreen.xib */,
				B0EDD69C1ABC2A170065644F /* CinnamonSpark.xcdatamodeld */,
				B0EDD6981ABC2A170065644F /* Supporting Files */,
				B0AF66B11AC1754000E23657 /* TODO.md */,
			);
			path = CinnamonSpark;
			sourceTree = "<group>";
		};
		B0EDD6981ABC2A170065644F /* Supporting Files */ = {
			isa = PBXGroup;
			children = (
				B0EDD6991ABC2A170065644F /* Info.plist */,
				B087ACD01AE6629E00BEBB15 /* UINavigationBar+CSMisterCinnamon.swift */,
				B087ACD61AE67C5C00BEBB15 /* UIViewController+EmptyBackButton.m */,
				B0A81B8B1AE91D570006F4B4 /* Constants.swift */,
			);
			name = "Supporting Files";
			sourceTree = "<group>";
		};
		B0EDD6B01ABC2A170065644F /* CinnamonSparkTests */ = {
			isa = PBXGroup;
			children = (
				B0EDD6B31ABC2A170065644F /* CinnamonSparkTests.swift */,
				B0EDD6B11ABC2A170065644F /* Supporting Files */,
			);
			path = CinnamonSparkTests;
			sourceTree = "<group>";
		};
		B0EDD6B11ABC2A170065644F /* Supporting Files */ = {
			isa = PBXGroup;
			children = (
				B0EDD6B21ABC2A170065644F /* Info.plist */,
			);
			name = "Supporting Files";
			sourceTree = "<group>";
		};
/* End PBXGroup section */

/* Begin PBXNativeTarget section */
		B0EDD6941ABC2A170065644F /* Cinnamon */ = {
			isa = PBXNativeTarget;
			buildConfigurationList = B0EDD6B71ABC2A170065644F /* Build configuration list for PBXNativeTarget "Cinnamon" */;
			buildPhases = (
				2F7C0FF80B110260D41D2A19 /* Check Pods Manifest.lock */,
				B0EDD6911ABC2A170065644F /* Sources */,
				B0EDD6921ABC2A170065644F /* Frameworks */,
				B0EDD6931ABC2A170065644F /* Resources */,
				40146B554A04E6FE00BE83C1 /* Copy Pods Resources */,
				B01260531AC3268F00351D40 /* ShellScript */,
			);
			buildRules = (
			);
			dependencies = (
			);
			name = Cinnamon;
			productName = CinnamonSpark;
			productReference = B0EDD6951ABC2A170065644F /* Cinnamon.app */;
			productType = "com.apple.product-type.application";
		};
		B0EDD6AC1ABC2A170065644F /* CinnamonTests */ = {
			isa = PBXNativeTarget;
			buildConfigurationList = B0EDD6BA1ABC2A170065644F /* Build configuration list for PBXNativeTarget "CinnamonTests" */;
			buildPhases = (
				B0EDD6A91ABC2A170065644F /* Sources */,
				B0EDD6AA1ABC2A170065644F /* Frameworks */,
				B0EDD6AB1ABC2A170065644F /* Resources */,
			);
			buildRules = (
			);
			dependencies = (
				B0EDD6AF1ABC2A170065644F /* PBXTargetDependency */,
			);
			name = CinnamonTests;
			productName = CinnamonSparkTests;
			productReference = B0EDD6AD1ABC2A170065644F /* CinnamonTests.xctest */;
			productType = "com.apple.product-type.bundle.unit-test";
		};
/* End PBXNativeTarget section */

/* Begin PBXProject section */
		B0EDD68D1ABC2A170065644F /* Project object */ = {
			isa = PBXProject;
			attributes = {
				LastUpgradeCheck = 0630;
				ORGANIZATIONNAME = Cinnamon;
				TargetAttributes = {
					B0EDD6941ABC2A170065644F = {
						CreatedOnToolsVersion = 6.1.1;
						DevelopmentTeam = USKYH3LF56;
					};
					B0EDD6AC1ABC2A170065644F = {
						CreatedOnToolsVersion = 6.1.1;
						TestTargetID = B0EDD6941ABC2A170065644F;
					};
				};
			};
			buildConfigurationList = B0EDD6901ABC2A170065644F /* Build configuration list for PBXProject "Cinnamon" */;
			compatibilityVersion = "Xcode 3.2";
			developmentRegion = English;
			hasScannedForEncodings = 0;
			knownRegions = (
				en,
				Base,
			);
			mainGroup = B0EDD68C1ABC2A170065644F;
			productRefGroup = B0EDD6961ABC2A170065644F /* Products */;
			projectDirPath = "";
			projectRoot = "";
			targets = (
				B0EDD6941ABC2A170065644F /* Cinnamon */,
				B0EDD6AC1ABC2A170065644F /* CinnamonTests */,
			);
		};
/* End PBXProject section */

/* Begin PBXResourcesBuildPhase section */
		B0EDD6931ABC2A170065644F /* Resources */ = {
			isa = PBXResourcesBuildPhase;
			buildActionMask = 2147483647;
			files = (
				B0EDD6A81ABC2A170065644F /* LaunchScreen.xib in Resources */,
				B0EDD6A51ABC2A170065644F /* Images.xcassets in Resources */,
				B0CE45B71AE543BB0045C3BF /* (null) in Resources */,
				B0CE45B81AE543BB0045C3BF /* (null) in Resources */,
				B0DCEF381AE52C3C00068B79 /* CSRepeatablePhotoBrowserCell.xib in Resources */,
			);
			runOnlyForDeploymentPostprocessing = 0;
		};
		B0EDD6AB1ABC2A170065644F /* Resources */ = {
			isa = PBXResourcesBuildPhase;
			buildActionMask = 2147483647;
			files = (
			);
			runOnlyForDeploymentPostprocessing = 0;
		};
/* End PBXResourcesBuildPhase section */

/* Begin PBXShellScriptBuildPhase section */
		2F7C0FF80B110260D41D2A19 /* Check Pods Manifest.lock */ = {
			isa = PBXShellScriptBuildPhase;
			buildActionMask = 2147483647;
			files = (
			);
			inputPaths = (
			);
			name = "Check Pods Manifest.lock";
			outputPaths = (
			);
			runOnlyForDeploymentPostprocessing = 0;
			shellPath = /bin/sh;
			shellScript = "diff \"${PODS_ROOT}/../Podfile.lock\" \"${PODS_ROOT}/Manifest.lock\" > /dev/null\nif [[ $? != 0 ]] ; then\n    cat << EOM\nerror: The sandbox is not in sync with the Podfile.lock. Run 'pod install' or update your CocoaPods installation.\nEOM\n    exit 1\nfi\n";
			showEnvVarsInLog = 0;
		};
		40146B554A04E6FE00BE83C1 /* Copy Pods Resources */ = {
			isa = PBXShellScriptBuildPhase;
			buildActionMask = 2147483647;
			files = (
			);
			inputPaths = (
			);
			name = "Copy Pods Resources";
			outputPaths = (
			);
			runOnlyForDeploymentPostprocessing = 0;
			shellPath = /bin/sh;
			shellScript = "\"${SRCROOT}/Pods/Target Support Files/Pods-Cinnamon/Pods-Cinnamon-resources.sh\"\n";
			showEnvVarsInLog = 0;
		};
		B01260531AC3268F00351D40 /* ShellScript */ = {
			isa = PBXShellScriptBuildPhase;
			buildActionMask = 2147483647;
			files = (
			);
			inputPaths = (
			);
			outputPaths = (
			);
			runOnlyForDeploymentPostprocessing = 0;
			shellPath = /bin/sh;
			shellScript = "./Fabric.framework/run cc868daa408eda2540d6bee3fb321315377a9b8d 5bb15b663582031bdf09378915bc6e3f13147babdfbb1b7671483fe716b271fd";
		};
/* End PBXShellScriptBuildPhase section */

/* Begin PBXSourcesBuildPhase section */
		B0EDD6911ABC2A170065644F /* Sources */ = {
			isa = PBXSourcesBuildPhase;
			buildActionMask = 2147483647;
			files = (
				B02F13AB1AD7EE6F00075E41 /* CSSocialFeedNavigationController.swift in Sources */,
				B0DCEF3B1AE5342100068B79 /* CSMealRecordDetailView.swift in Sources */,
				B0E3B41C1AC4AF6E00347B91 /* CSAPIRequestDelegate.swift in Sources */,
				B007561B1ABC5D8B00386B03 /* CSUserPhotoFeedViewController.swift in Sources */,
				B02F13AF1AD811A900075E41 /* CSFriendPhotoFeedViewController.swift in Sources */,
				B02BA6431ACE96DE00BC46F1 /* CSPhotoBrowserCell.swift in Sources */,
				B0EDD6A01ABC2A170065644F /* CSCameraViewController.swift in Sources */,
				B02BA6451ACECBF500BC46F1 /* CSPhoto.swift in Sources */,
				B0A148E21ACD7EB80019E08F /* CSPhotoBrowser.swift in Sources */,
				B02F13AD1AD80C6000075E41 /* CSUser.swift in Sources */,
				B087ACD11AE6629E00BEBB15 /* UINavigationBar+CSMisterCinnamon.swift in Sources */,
				B0E3B41E1AC4B71700347B91 /* CSBaseDelegate.swift in Sources */,
				B0AF55161AE7EDB900D41559 /* CSUserWeekPhotoFeedViewController.swift in Sources */,
				B0DE33A71ACAEC2C003E8626 /* CSTabBarController.swift in Sources */,
				B087ACD71AE67C5C00BEBB15 /* UIViewController+EmptyBackButton.m in Sources */,
				B0A148E61ACD9C010019E08F /* CSGridImageTagLayout.swift in Sources */,
				B0EDD69E1ABC2A170065644F /* CinnamonSpark.xcdatamodeld in Sources */,
				B0DE33A51ACAEA29003E8626 /* CSSocialPhotoFeedViewController.swift in Sources */,
				B0ECE8CC1AC081CF001D00CE /* CSCameraDelegate.swift in Sources */,
				B0A148E41ACD9BE00019E08F /* CSVerticalImageRowLayout.swift in Sources */,
				B02F13A71AD7DE7800075E41 /* UILabel+CSTextLink.swift in Sources */,
				B022479B1AE7738F0031DADC /* CSMealSizeSelector.swift in Sources */,
				B0DCEF371AE52C3C00068B79 /* CSRepeatablePhotoBrowserCell.swift in Sources */,
				B074349B1AC062960065403A /* CSTapSelector.swift in Sources */,
				B014ECBF1AC5B06900DBD1BD /* CSAPIRequest.swift in Sources */,
				B0EDD69B1ABC2A170065644F /* AppDelegate.swift in Sources */,
				B0A81B8C1AE91D580006F4B4 /* Constants.swift in Sources */,
			);
			runOnlyForDeploymentPostprocessing = 0;
		};
		B0EDD6A91ABC2A170065644F /* Sources */ = {
			isa = PBXSourcesBuildPhase;
			buildActionMask = 2147483647;
			files = (
				B0EDD6B41ABC2A170065644F /* CinnamonSparkTests.swift in Sources */,
			);
			runOnlyForDeploymentPostprocessing = 0;
		};
/* End PBXSourcesBuildPhase section */

/* Begin PBXTargetDependency section */
		B0EDD6AF1ABC2A170065644F /* PBXTargetDependency */ = {
			isa = PBXTargetDependency;
			target = B0EDD6941ABC2A170065644F /* Cinnamon */;
			targetProxy = B0EDD6AE1ABC2A170065644F /* PBXContainerItemProxy */;
		};
/* End PBXTargetDependency section */

/* Begin PBXVariantGroup section */
		B0EDD6A61ABC2A170065644F /* LaunchScreen.xib */ = {
			isa = PBXVariantGroup;
			children = (
				B0EDD6A71ABC2A170065644F /* Base */,
			);
			name = LaunchScreen.xib;
			sourceTree = "<group>";
		};
/* End PBXVariantGroup section */

/* Begin XCBuildConfiguration section */
		B0EDD6B51ABC2A170065644F /* Debug */ = {
			isa = XCBuildConfiguration;
			buildSettings = {
				ALWAYS_SEARCH_USER_PATHS = NO;
				CLANG_CXX_LANGUAGE_STANDARD = "gnu++0x";
				CLANG_CXX_LIBRARY = "libc++";
				CLANG_ENABLE_MODULES = YES;
				CLANG_ENABLE_OBJC_ARC = YES;
				CLANG_WARN_BOOL_CONVERSION = YES;
				CLANG_WARN_CONSTANT_CONVERSION = YES;
				CLANG_WARN_DIRECT_OBJC_ISA_USAGE = YES_ERROR;
				CLANG_WARN_EMPTY_BODY = YES;
				CLANG_WARN_ENUM_CONVERSION = YES;
				CLANG_WARN_INT_CONVERSION = YES;
				CLANG_WARN_OBJC_ROOT_CLASS = YES_ERROR;
				CLANG_WARN_UNREACHABLE_CODE = YES;
				CLANG_WARN__DUPLICATE_METHOD_MATCH = YES;
				"CODE_SIGN_IDENTITY[sdk=iphoneos*]" = "iPhone Developer";
				COPY_PHASE_STRIP = NO;
				ENABLE_STRICT_OBJC_MSGSEND = YES;
				GCC_C_LANGUAGE_STANDARD = gnu99;
				GCC_DYNAMIC_NO_PIC = NO;
				GCC_OPTIMIZATION_LEVEL = 0;
				GCC_PREPROCESSOR_DEFINITIONS = (
					"DEBUG=1",
					"$(inherited)",
				);
				GCC_SYMBOLS_PRIVATE_EXTERN = NO;
				GCC_WARN_64_TO_32_BIT_CONVERSION = YES;
				GCC_WARN_ABOUT_RETURN_TYPE = YES_ERROR;
				GCC_WARN_UNDECLARED_SELECTOR = YES;
				GCC_WARN_UNINITIALIZED_AUTOS = YES_AGGRESSIVE;
				GCC_WARN_UNUSED_FUNCTION = YES;
				GCC_WARN_UNUSED_VARIABLE = YES;
				IPHONEOS_DEPLOYMENT_TARGET = 7.1;
				MTL_ENABLE_DEBUG_INFO = YES;
				ONLY_ACTIVE_ARCH = YES;
				SDKROOT = iphoneos8.2;
				SWIFT_OPTIMIZATION_LEVEL = "-Onone";
			};
			name = Debug;
		};
		B0EDD6B61ABC2A170065644F /* Release */ = {
			isa = XCBuildConfiguration;
			buildSettings = {
				ALWAYS_SEARCH_USER_PATHS = NO;
				CLANG_CXX_LANGUAGE_STANDARD = "gnu++0x";
				CLANG_CXX_LIBRARY = "libc++";
				CLANG_ENABLE_MODULES = YES;
				CLANG_ENABLE_OBJC_ARC = YES;
				CLANG_WARN_BOOL_CONVERSION = YES;
				CLANG_WARN_CONSTANT_CONVERSION = YES;
				CLANG_WARN_DIRECT_OBJC_ISA_USAGE = YES_ERROR;
				CLANG_WARN_EMPTY_BODY = YES;
				CLANG_WARN_ENUM_CONVERSION = YES;
				CLANG_WARN_INT_CONVERSION = YES;
				CLANG_WARN_OBJC_ROOT_CLASS = YES_ERROR;
				CLANG_WARN_UNREACHABLE_CODE = YES;
				CLANG_WARN__DUPLICATE_METHOD_MATCH = YES;
				"CODE_SIGN_IDENTITY[sdk=iphoneos*]" = "iPhone Developer";
				COPY_PHASE_STRIP = YES;
				ENABLE_NS_ASSERTIONS = NO;
				ENABLE_STRICT_OBJC_MSGSEND = YES;
				GCC_C_LANGUAGE_STANDARD = gnu99;
				GCC_WARN_64_TO_32_BIT_CONVERSION = YES;
				GCC_WARN_ABOUT_RETURN_TYPE = YES_ERROR;
				GCC_WARN_UNDECLARED_SELECTOR = YES;
				GCC_WARN_UNINITIALIZED_AUTOS = YES_AGGRESSIVE;
				GCC_WARN_UNUSED_FUNCTION = YES;
				GCC_WARN_UNUSED_VARIABLE = YES;
				IPHONEOS_DEPLOYMENT_TARGET = 7.1;
				MTL_ENABLE_DEBUG_INFO = NO;
				SDKROOT = iphoneos8.2;
				VALIDATE_PRODUCT = YES;
			};
			name = Release;
		};
		B0EDD6B81ABC2A170065644F /* Debug */ = {
			isa = XCBuildConfiguration;
			baseConfigurationReference = 664C352E3714CB5744E6C067 /* Pods-Cinnamon.debug.xcconfig */;
			buildSettings = {
				ASSETCATALOG_COMPILER_APPICON_NAME = AppIcon;
				CLANG_ENABLE_MODULES = YES;
				CODE_SIGN_IDENTITY = "iPhone Developer";
				"CODE_SIGN_IDENTITY[sdk=iphoneos*]" = "iPhone Developer";
				FRAMEWORK_SEARCH_PATHS = (
					"$(inherited)",
					"$(PROJECT_DIR)",
				);
				INFOPLIST_FILE = CinnamonSpark/Info.plist;
				IPHONEOS_DEPLOYMENT_TARGET = 7.1;
				LD_RUNPATH_SEARCH_PATHS = "$(inherited) @executable_path/Frameworks";
				PRODUCT_NAME = Cinnamon;
				PROVISIONING_PROFILE = "acc4945c-e8e5-4e2c-8225-cf17fed08edf";
				SWIFT_OBJC_BRIDGING_HEADER = "CinnamonSpark-Bridging-Header.h";
				SWIFT_OPTIMIZATION_LEVEL = "-Onone";
			};
			name = Debug;
		};
		B0EDD6B91ABC2A170065644F /* Release */ = {
			isa = XCBuildConfiguration;
			baseConfigurationReference = 3FE6295B67B21935006E5391 /* Pods-Cinnamon.release.xcconfig */;
			buildSettings = {
				ASSETCATALOG_COMPILER_APPICON_NAME = AppIcon;
				CLANG_ENABLE_MODULES = YES;
				CODE_SIGN_IDENTITY = "iPhone Developer";
				"CODE_SIGN_IDENTITY[sdk=iphoneos*]" = "iPhone Developer";
				FRAMEWORK_SEARCH_PATHS = (
					"$(inherited)",
					"$(PROJECT_DIR)",
				);
				INFOPLIST_FILE = CinnamonSpark/Info.plist;
				IPHONEOS_DEPLOYMENT_TARGET = 7.1;
				LD_RUNPATH_SEARCH_PATHS = "$(inherited) @executable_path/Frameworks";
				PRODUCT_NAME = Cinnamon;
				PROVISIONING_PROFILE = "acc4945c-e8e5-4e2c-8225-cf17fed08edf";
				SWIFT_OBJC_BRIDGING_HEADER = "CinnamonSpark-Bridging-Header.h";
			};
			name = Release;
		};
		B0EDD6BB1ABC2A170065644F /* Debug */ = {
			isa = XCBuildConfiguration;
			buildSettings = {
				BUNDLE_LOADER = "$(TEST_HOST)";
				FRAMEWORK_SEARCH_PATHS = (
					"$(SDKROOT)/Developer/Library/Frameworks",
					"$(inherited)",
				);
				GCC_PREPROCESSOR_DEFINITIONS = (
					"DEBUG=1",
					"$(inherited)",
				);
				INFOPLIST_FILE = CinnamonSparkTests/Info.plist;
				LD_RUNPATH_SEARCH_PATHS = "$(inherited) @executable_path/Frameworks @loader_path/Frameworks";
				PRODUCT_NAME = CinnamonTests;
				TEST_HOST = "$(BUILT_PRODUCTS_DIR)/Cinnamon.app/Cinnamon";
			};
			name = Debug;
		};
		B0EDD6BC1ABC2A170065644F /* Release */ = {
			isa = XCBuildConfiguration;
			buildSettings = {
				BUNDLE_LOADER = "$(TEST_HOST)";
				FRAMEWORK_SEARCH_PATHS = (
					"$(SDKROOT)/Developer/Library/Frameworks",
					"$(inherited)",
				);
				INFOPLIST_FILE = CinnamonSparkTests/Info.plist;
				LD_RUNPATH_SEARCH_PATHS = "$(inherited) @executable_path/Frameworks @loader_path/Frameworks";
				PRODUCT_NAME = CinnamonTests;
				TEST_HOST = "$(BUILT_PRODUCTS_DIR)/Cinnamon.app/Cinnamon";
			};
			name = Release;
		};
/* End XCBuildConfiguration section */

/* Begin XCConfigurationList section */
		B0EDD6901ABC2A170065644F /* Build configuration list for PBXProject "Cinnamon" */ = {
			isa = XCConfigurationList;
			buildConfigurations = (
				B0EDD6B51ABC2A170065644F /* Debug */,
				B0EDD6B61ABC2A170065644F /* Release */,
			);
			defaultConfigurationIsVisible = 0;
			defaultConfigurationName = Release;
		};
		B0EDD6B71ABC2A170065644F /* Build configuration list for PBXNativeTarget "Cinnamon" */ = {
			isa = XCConfigurationList;
			buildConfigurations = (
				B0EDD6B81ABC2A170065644F /* Debug */,
				B0EDD6B91ABC2A170065644F /* Release */,
			);
			defaultConfigurationIsVisible = 0;
			defaultConfigurationName = Release;
		};
		B0EDD6BA1ABC2A170065644F /* Build configuration list for PBXNativeTarget "CinnamonTests" */ = {
			isa = XCConfigurationList;
			buildConfigurations = (
				B0EDD6BB1ABC2A170065644F /* Debug */,
				B0EDD6BC1ABC2A170065644F /* Release */,
			);
			defaultConfigurationIsVisible = 0;
			defaultConfigurationName = Release;
		};
/* End XCConfigurationList section */

/* Begin XCVersionGroup section */
		B0EDD69C1ABC2A170065644F /* CinnamonSpark.xcdatamodeld */ = {
			isa = XCVersionGroup;
			children = (
				B0EDD69D1ABC2A170065644F /* CinnamonSpark.xcdatamodel */,
			);
			currentVersion = B0EDD69D1ABC2A170065644F /* CinnamonSpark.xcdatamodel */;
			path = CinnamonSpark.xcdatamodeld;
			sourceTree = "<group>";
			versionGroupType = wrapper.xcdatamodel;
		};
/* End XCVersionGroup section */
	};
	rootObject = B0EDD68D1ABC2A170065644F /* Project object */;
}
